
Microsoft Visual Studio Solution File, Format Version 12.00
# Visual Studio Version 16
VisualStudioVersion = 16.0.30225.117
MinimumVisualStudioVersion = 10.0.40219.1
Project("{888888A0-9F3D-457C-B088-3A5042F75D52}") = "StartupScript", "StartupScript.pyproj", "{113A24ED-281D-4E6A-80BC-2FF52F5262A0}"
EndProject
Global
	GlobalSection(SolutionConfigurationPlatforms) = preSolution
		Debug|Any CPU = Debug|Any CPU
		Release|Any CPU = Release|Any CPU
	EndGlobalSection
	GlobalSection(ProjectConfigurationPlatforms) = postSolution
		{113A24ED-281D-4E6A-80BC-2FF52F5262A0}.Debug|Any CPU.ActiveCfg = Debug|Any CPU
		{113A24ED-281D-4E6A-80BC-2FF52F5262A0}.Release|Any CPU.ActiveCfg = Release|Any CPU
	EndGlobalSection
	GlobalSection(SolutionProperties) = preSolution
		HideSolutionNode = FALSE
	EndGlobalSection
	GlobalSection(ExtensibilityGlobals) = postSolution
		SolutionGuid = {28B4A7B5-CF54-4E01-B987-C6AD3032FB05}
	EndGlobalSection
EndGlobal
